Microsoft Visual Studio Solution File, Format Version 12.00
# Visual Studio 2012
Project("{FAE04EC0-301F-11D3-BF4B-00C04F79EFBC}") = "2d Rpg", "2d Rpg.csproj", "{34BC9930-0DAD-4909-AD3C-799AF6F18AA4}"
EndProject
Global
	GlobalSection(SolutionConfigurationPlatforms) = preSolution
	Debug|Any CPU = Debug|Any CPU
	ExportDebug|Any CPU = ExportDebug|Any CPU
	ExportRelease|Any CPU = ExportRelease|Any CPU
	EndGlobalSection
	GlobalSection(ProjectConfigurationPlatforms) = postSolution
		{34BC9930-0DAD-4909-AD3C-799AF6F18AA4}.Debug|Any CPU.ActiveCfg = Debug|Any CPU
		{34BC9930-0DAD-4909-AD3C-799AF6F18AA4}.Debug|Any CPU.Build.0 = Debug|Any CPU
		{34BC9930-0DAD-4909-AD3C-799AF6F18AA4}.ExportDebug|Any CPU.ActiveCfg = ExportDebug|Any CPU
		{34BC9930-0DAD-4909-AD3C-799AF6F18AA4}.ExportDebug|Any CPU.Build.0 = ExportDebug|Any CPU
		{34BC9930-0DAD-4909-AD3C-799AF6F18AA4}.ExportRelease|Any CPU.ActiveCfg = ExportRelease|Any CPU
		{34BC9930-0DAD-4909-AD3C-799AF6F18AA4}.ExportRelease|Any CPU.Build.0 = ExportRelease|Any CPU
	EndGlobalSection
EndGlobal
